
Microsoft Visual Studio Solution File, Format Version 12.00
# Visual Studio Version 17
VisualStudioVersion = 17.6.33829.357
MinimumVisualStudioVersion = 10.0.40219.1
Project("{FAE04EC0-301F-11D3-BF4B-00C04F79EFBC}") = "Api", "Api\Api.csproj", "{72272A31-07E0-4FD6-9BDC-5930A787515D}"
EndProject
Global
	GlobalSection(SolutionConfigurationPlatforms) = preSolution
		Debug|Any CPU = Debug|Any CPU
		Release|Any CPU = Release|Any CPU
	EndGlobalSection
	GlobalSection(ProjectConfigurationPlatforms) = postSolution
		{72272A31-07E0-4FD6-9BDC-5930A787515D}.Debug|Any CPU.ActiveCfg = Debug|Any CPU
		{72272A31-07E0-4FD6-9BDC-5930A787515D}.Debug|Any CPU.Build.0 = Debug|Any CPU
		{72272A31-07E0-4FD6-9BDC-5930A787515D}.Release|Any CPU.ActiveCfg = Release|Any CPU
		{72272A31-07E0-4FD6-9BDC-5930A787515D}.Release|Any CPU.Build.0 = Release|Any CPU
	EndGlobalSection
	GlobalSection(SolutionProperties) = preSolution
		HideSolutionNode = FALSE
	EndGlobalSection
	GlobalSection(ExtensibilityGlobals) = postSolution
		SolutionGuid = {B017026A-685B-4939-844E-EB87B6AF0150}
	EndGlobalSection
EndGlobal
